<?xml version="1.0" encoding="utf-8"?>
<Project ToolsVersion="4.0" xmlns="http://schemas.microsoft.com/developer/msbuild/2003">
  <ItemGroup>
    <Filter Include="source">
      <UniqueIdentifier>{3bf2bd9d-10ba-490b-a6ea-f2e6647b21f1}</UniqueIdentifier>
    </Filter>
    <Filter Include="source\runtime">
      <UniqueIdentifier>{2628c931-9337-43fd-83ea-b2616eaa8fa5}</UniqueIdentifier>
    </Filter>
    <Filter Include="source\runtime\platform">
      <UniqueIdentifier>{2a4ca571-fc54-42da-bc58-8f4208d5d362}</UniqueIdentifier>
    </Filter>
    <Filter Include="source\runtime\platform\win32">
      <UniqueIdentifier>{52f0ad2f-66a5-4d21-b82f-4a310b5853a6}</UniqueIdentifier>
    </Filter>
    <Filter Include="resource">
      <UniqueIdentifier>{88bfd7c8-d58d-40f5-b36e-9e4010bf13c3}</UniqueIdentifier>
    </Filter>
  </ItemGroup>
  <ItemGroup>
    <ClCompile Include="..\..\..\source\runtime\runtime.cpp">
      <Filter>source\runtime</Filter>
    </ClCompile>
    <ClCompile Include="..\..\..\source\runtime\platform\win32\win32_main.cpp">
      <Filter>source\runtime\platform\win32</Filter>
    </ClCompile>
    <ClCompile Include="..\..\..\source\runtime\platform\win32\win32_global_new_delete.cpp">
      <Filter>source\runtime\platform\win32</Filter>
    </ClCompile>
    <ClCompile Include="..\..\..\source\runtime\runtime_heap.cpp">
      <Filter>source\runtime</Filter>
    </ClCompile>
    <ClCompile Include="..\..\..\source\runtime\entity.cpp">
      <Filter>source\runtime</Filter>
    </ClCompile>
  </ItemGroup>
  <ItemGroup>
    <ClInclude Include="..\..\..\source\runtime\runtime_heap.h">
      <Filter>source\runtime</Filter>
    </ClInclude>
    <ClInclude Include="..\..\..\source\runtime\entity.h">
      <Filter>source\runtime</Filter>
    </ClInclude>
  </ItemGroup>
  <ItemGroup>
    <ResourceCompile Include="..\..\..\resource\resource.rc">
      <Filter>resource</Filter>
    </ResourceCompile>
  </ItemGroup>
  <ItemGroup>
    <Image Include="..\..\..\resource\waffle.ico">
      <Filter>resource</Filter>
    </Image>
  </ItemGroup>
</Project>