
Microsoft Visual Studio Solution File, Format Version 12.00
# Visual Studio Version 16
VisualStudioVersion = 16.0.30717.126
MinimumVisualStudioVersion = 10.0.40219.1
Project("{8BC9CEB8-8B4A-11D0-8D11-00A0C91BC942}") = "runtime", "runtime\runtime.vcxproj", "{411E51B6-5A93-4740-BAF8-88D3C5C47D88}"
	ProjectSection(ProjectDependencies) = postProject
		{EE9B9C48-50C4-4BD6-95E1-13A7D84D909A} = {EE9B9C48-50C4-4BD6-95E1-13A7D84D909A}
		{59A01D4C-F394-4234-84DF-38F22890C883} = {59A01D4C-F394-4234-84DF-38F22890C883}
		{14D58A56-A5AC-4702-B4B9-D16010E6174C} = {14D58A56-A5AC-4702-B4B9-D16010E6174C}
		{75756680-2095-45CE-BC4A-E90E19E5EEE9} = {75756680-2095-45CE-BC4A-E90E19E5EEE9}
		{164F0DBB-8FF2-4A08-B6F5-3B511A5E9B48} = {164F0DBB-8FF2-4A08-B6F5-3B511A5E9B48}
		{CEDABDDE-DBEF-4F8B-8C32-CEAA70794E21} = {CEDABDDE-DBEF-4F8B-8C32-CEAA70794E21}
	EndProjectSection
EndProject
Project("{2150E333-8FDC-42A3-9474-1A3956D46DE8}") = "third_party", "third_party", "{586034BD-6183-4802-9F24-9C99D2DE5215}"
EndProject
Project("{8BC9CEB8-8B4A-11D0-8D11-00A0C91BC942}") = "nedmalloc", "third_party\nedmalloc\nedmalloc\nedmalloc.vcxproj", "{B148B96B-94C3-49E8-80A9-75467950AF08}"
EndProject
Project("{2150E333-8FDC-42A3-9474-1A3956D46DE8}") = "modules", "modules", "{78917362-61C4-4558-B914-F7AAC5F48AFD}"
EndProject
Project("{2150E333-8FDC-42A3-9474-1A3956D46DE8}") = "waffle_editor", "waffle_editor", "{CC7142A1-4516-46FE-A757-2925E5A38C76}"
EndProject
Project("{2150E333-8FDC-42A3-9474-1A3956D46DE8}") = "waffle_runtime", "waffle_runtime", "{5D30F4F5-9DCF-4AFA-947F-775A79560E3B}"
EndProject
Project("{9A19103F-16F7-4668-BE54-9A1E7A4F7556}") = "editor", "editors\editor\editor.csproj", "{16D57DB8-3935-4CBE-97B2-DB64362461D6}"
	ProjectSection(ProjectDependencies) = postProject
		{411E51B6-5A93-4740-BAF8-88D3C5C47D88} = {411E51B6-5A93-4740-BAF8-88D3C5C47D88}
	EndProjectSection
EndProject
Project("{2150E333-8FDC-42A3-9474-1A3956D46DE8}") = "system", "system", "{67A0EC40-1C23-4780-8F64-CC37F86F89CA}"
EndProject
Project("{8BC9CEB8-8B4A-11D0-8D11-00A0C91BC942}") = "memory", "system\memory\memory.vcxproj", "{EE9B9C48-50C4-4BD6-95E1-13A7D84D909A}"
	ProjectSection(ProjectDependencies) = postProject
		{B148B96B-94C3-49E8-80A9-75467950AF08} = {B148B96B-94C3-49E8-80A9-75467950AF08}
	EndProjectSection
EndProject
Project("{8BC9CEB8-8B4A-11D0-8D11-00A0C91BC942}") = "module_entry", "system\module_entry\module_entry.vcxproj", "{75756680-2095-45CE-BC4A-E90E19E5EEE9}"
	ProjectSection(ProjectDependencies) = postProject
		{EE9B9C48-50C4-4BD6-95E1-13A7D84D909A} = {EE9B9C48-50C4-4BD6-95E1-13A7D84D909A}
		{B148B96B-94C3-49E8-80A9-75467950AF08} = {B148B96B-94C3-49E8-80A9-75467950AF08}
	EndProjectSection
EndProject
Project("{8BC9CEB8-8B4A-11D0-8D11-00A0C91BC942}") = "core", "modules\core\core.vcxproj", "{CEDABDDE-DBEF-4F8B-8C32-CEAA70794E21}"
	ProjectSection(ProjectDependencies) = postProject
		{EE9B9C48-50C4-4BD6-95E1-13A7D84D909A} = {EE9B9C48-50C4-4BD6-95E1-13A7D84D909A}
		{B148B96B-94C3-49E8-80A9-75467950AF08} = {B148B96B-94C3-49E8-80A9-75467950AF08}
		{75756680-2095-45CE-BC4A-E90E19E5EEE9} = {75756680-2095-45CE-BC4A-E90E19E5EEE9}
	EndProjectSection
EndProject
Project("{8BC9CEB8-8B4A-11D0-8D11-00A0C91BC942}") = "common", "system\common\common.vcxitems", "{A8A74D54-DDC9-4F2F-AA75-AF65AEE9DC74}"
EndProject
Project("{8BC9CEB8-8B4A-11D0-8D11-00A0C91BC942}") = "application", "modules\application\application.vcxproj", "{164F0DBB-8FF2-4A08-B6F5-3B511A5E9B48}"
	ProjectSection(ProjectDependencies) = postProject
		{EE9B9C48-50C4-4BD6-95E1-13A7D84D909A} = {EE9B9C48-50C4-4BD6-95E1-13A7D84D909A}
		{B148B96B-94C3-49E8-80A9-75467950AF08} = {B148B96B-94C3-49E8-80A9-75467950AF08}
		{75756680-2095-45CE-BC4A-E90E19E5EEE9} = {75756680-2095-45CE-BC4A-E90E19E5EEE9}
		{CEDABDDE-DBEF-4F8B-8C32-CEAA70794E21} = {CEDABDDE-DBEF-4F8B-8C32-CEAA70794E21}
	EndProjectSection
EndProject
Project("{8BC9CEB8-8B4A-11D0-8D11-00A0C91BC942}") = "hid", "modules\hid\hid.vcxproj", "{14D58A56-A5AC-4702-B4B9-D16010E6174C}"
	ProjectSection(ProjectDependencies) = postProject
		{EE9B9C48-50C4-4BD6-95E1-13A7D84D909A} = {EE9B9C48-50C4-4BD6-95E1-13A7D84D909A}
		{B148B96B-94C3-49E8-80A9-75467950AF08} = {B148B96B-94C3-49E8-80A9-75467950AF08}
		{75756680-2095-45CE-BC4A-E90E19E5EEE9} = {75756680-2095-45CE-BC4A-E90E19E5EEE9}
		{164F0DBB-8FF2-4A08-B6F5-3B511A5E9B48} = {164F0DBB-8FF2-4A08-B6F5-3B511A5E9B48}
		{CEDABDDE-DBEF-4F8B-8C32-CEAA70794E21} = {CEDABDDE-DBEF-4F8B-8C32-CEAA70794E21}
	EndProjectSection
EndProject
Project("{8BC9CEB8-8B4A-11D0-8D11-00A0C91BC942}") = "render", "modules\render\render.vcxproj", "{59A01D4C-F394-4234-84DF-38F22890C883}"
	ProjectSection(ProjectDependencies) = postProject
		{EE9B9C48-50C4-4BD6-95E1-13A7D84D909A} = {EE9B9C48-50C4-4BD6-95E1-13A7D84D909A}
		{B148B96B-94C3-49E8-80A9-75467950AF08} = {B148B96B-94C3-49E8-80A9-75467950AF08}
		{75756680-2095-45CE-BC4A-E90E19E5EEE9} = {75756680-2095-45CE-BC4A-E90E19E5EEE9}
		{164F0DBB-8FF2-4A08-B6F5-3B511A5E9B48} = {164F0DBB-8FF2-4A08-B6F5-3B511A5E9B48}
		{CEDABDDE-DBEF-4F8B-8C32-CEAA70794E21} = {CEDABDDE-DBEF-4F8B-8C32-CEAA70794E21}
	EndProjectSection
EndProject
Global
	GlobalSection(SolutionConfigurationPlatforms) = preSolution
		Debug|Any CPU = Debug|Any CPU
		Debug|x64 = Debug|x64
		Debug|x86 = Debug|x86
		Release|Any CPU = Release|Any CPU
		Release|x64 = Release|x64
		Release|x86 = Release|x86
	EndGlobalSection
	GlobalSection(ProjectConfigurationPlatforms) = postSolution
		{411E51B6-5A93-4740-BAF8-88D3C5C47D88}.Debug|Any CPU.ActiveCfg = Debug|Win32
		{411E51B6-5A93-4740-BAF8-88D3C5C47D88}.Debug|x64.ActiveCfg = Debug|x64
		{411E51B6-5A93-4740-BAF8-88D3C5C47D88}.Debug|x64.Build.0 = Debug|x64
		{411E51B6-5A93-4740-BAF8-88D3C5C47D88}.Debug|x86.ActiveCfg = Debug|Win32
		{411E51B6-5A93-4740-BAF8-88D3C5C47D88}.Debug|x86.Build.0 = Debug|Win32
		{411E51B6-5A93-4740-BAF8-88D3C5C47D88}.Release|Any CPU.ActiveCfg = Release|Win32
		{411E51B6-5A93-4740-BAF8-88D3C5C47D88}.Release|x64.ActiveCfg = Release|x64
		{411E51B6-5A93-4740-BAF8-88D3C5C47D88}.Release|x64.Build.0 = Release|x64
		{411E51B6-5A93-4740-BAF8-88D3C5C47D88}.Release|x86.ActiveCfg = Release|Win32
		{411E51B6-5A93-4740-BAF8-88D3C5C47D88}.Release|x86.Build.0 = Release|Win32
		{B148B96B-94C3-49E8-80A9-75467950AF08}.Debug|Any CPU.ActiveCfg = Debug|Win32
		{B148B96B-94C3-49E8-80A9-75467950AF08}.Debug|x64.ActiveCfg = Debug|x64
		{B148B96B-94C3-49E8-80A9-75467950AF08}.Debug|x64.Build.0 = Debug|x64
		{B148B96B-94C3-49E8-80A9-75467950AF08}.Debug|x86.ActiveCfg = Debug|Win32
		{B148B96B-94C3-49E8-80A9-75467950AF08}.Debug|x86.Build.0 = Debug|Win32
		{B148B96B-94C3-49E8-80A9-75467950AF08}.Release|Any CPU.ActiveCfg = Release|Win32
		{B148B96B-94C3-49E8-80A9-75467950AF08}.Release|x64.ActiveCfg = Release|x64
		{B148B96B-94C3-49E8-80A9-75467950AF08}.Release|x64.Build.0 = Release|x64
		{B148B96B-94C3-49E8-80A9-75467950AF08}.Release|x86.ActiveCfg = Release|Win32
		{B148B96B-94C3-49E8-80A9-75467950AF08}.Release|x86.Build.0 = Release|Win32
		{16D57DB8-3935-4CBE-97B2-DB64362461D6}.Debug|Any CPU.ActiveCfg = Debug|Any CPU
		{16D57DB8-3935-4CBE-97B2-DB64362461D6}.Debug|Any CPU.Build.0 = Debug|Any CPU
		{16D57DB8-3935-4CBE-97B2-DB64362461D6}.Debug|x64.ActiveCfg = Debug|Any CPU
		{16D57DB8-3935-4CBE-97B2-DB64362461D6}.Debug|x64.Build.0 = Debug|Any CPU
		{16D57DB8-3935-4CBE-97B2-DB64362461D6}.Debug|x86.ActiveCfg = Debug|Any CPU
		{16D57DB8-3935-4CBE-97B2-DB64362461D6}.Debug|x86.Build.0 = Debug|Any CPU
		{16D57DB8-3935-4CBE-97B2-DB64362461D6}.Release|Any CPU.ActiveCfg = Release|Any CPU
		{16D57DB8-3935-4CBE-97B2-DB64362461D6}.Release|Any CPU.Build.0 = Release|Any CPU
		{16D57DB8-3935-4CBE-97B2-DB64362461D6}.Release|x64.ActiveCfg = Release|Any CPU
		{16D57DB8-3935-4CBE-97B2-DB64362461D6}.Release|x64.Build.0 = Release|Any CPU
		{16D57DB8-3935-4CBE-97B2-DB64362461D6}.Release|x86.ActiveCfg = Release|Any CPU
		{16D57DB8-3935-4CBE-97B2-DB64362461D6}.Release|x86.Build.0 = Release|Any CPU
		{EE9B9C48-50C4-4BD6-95E1-13A7D84D909A}.Debug|Any CPU.ActiveCfg = Debug|Win32
		{EE9B9C48-50C4-4BD6-95E1-13A7D84D909A}.Debug|x64.ActiveCfg = Debug|x64
		{EE9B9C48-50C4-4BD6-95E1-13A7D84D909A}.Debug|x64.Build.0 = Debug|x64
		{EE9B9C48-50C4-4BD6-95E1-13A7D84D909A}.Debug|x86.ActiveCfg = Debug|Win32
		{EE9B9C48-50C4-4BD6-95E1-13A7D84D909A}.Debug|x86.Build.0 = Debug|Win32
		{EE9B9C48-50C4-4BD6-95E1-13A7D84D909A}.Release|Any CPU.ActiveCfg = Release|Win32
		{EE9B9C48-50C4-4BD6-95E1-13A7D84D909A}.Release|x64.ActiveCfg = Release|x64
		{EE9B9C48-50C4-4BD6-95E1-13A7D84D909A}.Release|x64.Build.0 = Release|x64
		{EE9B9C48-50C4-4BD6-95E1-13A7D84D909A}.Release|x86.ActiveCfg = Release|Win32
		{EE9B9C48-50C4-4BD6-95E1-13A7D84D909A}.Release|x86.Build.0 = Release|Win32
		{75756680-2095-45CE-BC4A-E90E19E5EEE9}.Debug|Any CPU.ActiveCfg = Debug|Win32
		{75756680-2095-45CE-BC4A-E90E19E5EEE9}.Debug|x64.ActiveCfg = Debug|x64
		{75756680-2095-45CE-BC4A-E90E19E5EEE9}.Debug|x64.Build.0 = Debug|x64
		{75756680-2095-45CE-BC4A-E90E19E5EEE9}.Debug|x86.ActiveCfg = Debug|Win32
		{75756680-2095-45CE-BC4A-E90E19E5EEE9}.Debug|x86.Build.0 = Debug|Win32
		{75756680-2095-45CE-BC4A-E90E19E5EEE9}.Release|Any CPU.ActiveCfg = Release|Win32
		{75756680-2095-45CE-BC4A-E90E19E5EEE9}.Release|x64.ActiveCfg = Release|x64
		{75756680-2095-45CE-BC4A-E90E19E5EEE9}.Release|x64.Build.0 = Release|x64
		{75756680-2095-45CE-BC4A-E90E19E5EEE9}.Release|x86.ActiveCfg = Release|Win32
		{75756680-2095-45CE-BC4A-E90E19E5EEE9}.Release|x86.Build.0 = Release|Win32
		{CEDABDDE-DBEF-4F8B-8C32-CEAA70794E21}.Debug|Any CPU.ActiveCfg = Debug|Win32
		{CEDABDDE-DBEF-4F8B-8C32-CEAA70794E21}.Debug|x64.ActiveCfg = Debug|x64
		{CEDABDDE-DBEF-4F8B-8C32-CEAA70794E21}.Debug|x64.Build.0 = Debug|x64
		{CEDABDDE-DBEF-4F8B-8C32-CEAA70794E21}.Debug|x86.ActiveCfg = Debug|Win32
		{CEDABDDE-DBEF-4F8B-8C32-CEAA70794E21}.Debug|x86.Build.0 = Debug|Win32
		{CEDABDDE-DBEF-4F8B-8C32-CEAA70794E21}.Release|Any CPU.ActiveCfg = Release|Win32
		{CEDABDDE-DBEF-4F8B-8C32-CEAA70794E21}.Release|x64.ActiveCfg = Release|x64
		{CEDABDDE-DBEF-4F8B-8C32-CEAA70794E21}.Release|x64.Build.0 = Release|x64
		{CEDABDDE-DBEF-4F8B-8C32-CEAA70794E21}.Release|x86.ActiveCfg = Release|Win32
		{CEDABDDE-DBEF-4F8B-8C32-CEAA70794E21}.Release|x86.Build.0 = Release|Win32
		{164F0DBB-8FF2-4A08-B6F5-3B511A5E9B48}.Debug|Any CPU.ActiveCfg = Debug|Win32
		{164F0DBB-8FF2-4A08-B6F5-3B511A5E9B48}.Debug|x64.ActiveCfg = Debug|x64
		{164F0DBB-8FF2-4A08-B6F5-3B511A5E9B48}.Debug|x64.Build.0 = Debug|x64
		{164F0DBB-8FF2-4A08-B6F5-3B511A5E9B48}.Debug|x86.ActiveCfg = Debug|Win32
		{164F0DBB-8FF2-4A08-B6F5-3B511A5E9B48}.Debug|x86.Build.0 = Debug|Win32
		{164F0DBB-8FF2-4A08-B6F5-3B511A5E9B48}.Release|Any CPU.ActiveCfg = Release|Win32
		{164F0DBB-8FF2-4A08-B6F5-3B511A5E9B48}.Release|x64.ActiveCfg = Release|x64
		{164F0DBB-8FF2-4A08-B6F5-3B511A5E9B48}.Release|x64.Build.0 = Release|x64
		{164F0DBB-8FF2-4A08-B6F5-3B511A5E9B48}.Release|x86.ActiveCfg = Release|Win32
		{164F0DBB-8FF2-4A08-B6F5-3B511A5E9B48}.Release|x86.Build.0 = Release|Win32
		{14D58A56-A5AC-4702-B4B9-D16010E6174C}.Debug|Any CPU.ActiveCfg = Debug|Win32
		{14D58A56-A5AC-4702-B4B9-D16010E6174C}.Debug|x64.ActiveCfg = Debug|x64
		{14D58A56-A5AC-4702-B4B9-D16010E6174C}.Debug|x64.Build.0 = Debug|x64
		{14D58A56-A5AC-4702-B4B9-D16010E6174C}.Debug|x86.ActiveCfg = Debug|Win32
		{14D58A56-A5AC-4702-B4B9-D16010E6174C}.Debug|x86.Build.0 = Debug|Win32
		{14D58A56-A5AC-4702-B4B9-D16010E6174C}.Release|Any CPU.ActiveCfg = Release|Win32
		{14D58A56-A5AC-4702-B4B9-D16010E6174C}.Release|x64.ActiveCfg = Release|x64
		{14D58A56-A5AC-4702-B4B9-D16010E6174C}.Release|x64.Build.0 = Release|x64
		{14D58A56-A5AC-4702-B4B9-D16010E6174C}.Release|x86.ActiveCfg = Release|Win32
		{14D58A56-A5AC-4702-B4B9-D16010E6174C}.Release|x86.Build.0 = Release|Win32
		{59A01D4C-F394-4234-84DF-38F22890C883}.Debug|Any CPU.ActiveCfg = Debug|Win32
		{59A01D4C-F394-4234-84DF-38F22890C883}.Debug|x64.ActiveCfg = Debug|x64
		{59A01D4C-F394-4234-84DF-38F22890C883}.Debug|x64.Build.0 = Debug|x64
		{59A01D4C-F394-4234-84DF-38F22890C883}.Debug|x86.ActiveCfg = Debug|Win32
		{59A01D4C-F394-4234-84DF-38F22890C883}.Debug|x86.Build.0 = Debug|Win32
		{59A01D4C-F394-4234-84DF-38F22890C883}.Release|Any CPU.ActiveCfg = Release|Win32
		{59A01D4C-F394-4234-84DF-38F22890C883}.Release|x64.ActiveCfg = Release|x64
		{59A01D4C-F394-4234-84DF-38F22890C883}.Release|x64.Build.0 = Release|x64
		{59A01D4C-F394-4234-84DF-38F22890C883}.Release|x86.ActiveCfg = Release|Win32
		{59A01D4C-F394-4234-84DF-38F22890C883}.Release|x86.Build.0 = Release|Win32
	EndGlobalSection
	GlobalSection(SolutionProperties) = preSolution
		HideSolutionNode = FALSE
	EndGlobalSection
	GlobalSection(NestedProjects) = preSolution
		{411E51B6-5A93-4740-BAF8-88D3C5C47D88} = {5D30F4F5-9DCF-4AFA-947F-775A79560E3B}
		{B148B96B-94C3-49E8-80A9-75467950AF08} = {586034BD-6183-4802-9F24-9C99D2DE5215}
		{78917362-61C4-4558-B914-F7AAC5F48AFD} = {5D30F4F5-9DCF-4AFA-947F-775A79560E3B}
		{16D57DB8-3935-4CBE-97B2-DB64362461D6} = {CC7142A1-4516-46FE-A757-2925E5A38C76}
		{67A0EC40-1C23-4780-8F64-CC37F86F89CA} = {5D30F4F5-9DCF-4AFA-947F-775A79560E3B}
		{EE9B9C48-50C4-4BD6-95E1-13A7D84D909A} = {67A0EC40-1C23-4780-8F64-CC37F86F89CA}
		{75756680-2095-45CE-BC4A-E90E19E5EEE9} = {67A0EC40-1C23-4780-8F64-CC37F86F89CA}
		{CEDABDDE-DBEF-4F8B-8C32-CEAA70794E21} = {78917362-61C4-4558-B914-F7AAC5F48AFD}
		{A8A74D54-DDC9-4F2F-AA75-AF65AEE9DC74} = {67A0EC40-1C23-4780-8F64-CC37F86F89CA}
		{164F0DBB-8FF2-4A08-B6F5-3B511A5E9B48} = {78917362-61C4-4558-B914-F7AAC5F48AFD}
		{14D58A56-A5AC-4702-B4B9-D16010E6174C} = {78917362-61C4-4558-B914-F7AAC5F48AFD}
		{59A01D4C-F394-4234-84DF-38F22890C883} = {78917362-61C4-4558-B914-F7AAC5F48AFD}
	EndGlobalSection
	GlobalSection(ExtensibilityGlobals) = postSolution
		SolutionGuid = {8A7A1CD1-DD10-443F-9F0A-3A625970F88C}
	EndGlobalSection
EndGlobal
