
Microsoft Visual Studio Solution File, Format Version 12.00
# Visual Studio Version 16
VisualStudioVersion = 16.0.30711.63
MinimumVisualStudioVersion = 10.0.40219.1
Project("{8BC9CEB8-8B4A-11D0-8D11-00A0C91BC942}") = "runtime", "runtime\runtime\runtime.vcxproj", "{89AC38C5-CBA6-4771-AB60-417D300CFCED}"
	ProjectSection(ProjectDependencies) = postProject
		{78058B8B-761D-438E-94D5-ADC1ED5C3DB7} = {78058B8B-761D-438E-94D5-ADC1ED5C3DB7}
		{4B7AFBE1-11BC-4677-AE36-B90BCD846BFA} = {4B7AFBE1-11BC-4677-AE36-B90BCD846BFA}
	EndProjectSection
EndProject
Project("{8BC9CEB8-8B4A-11D0-8D11-00A0C91BC942}") = "common", "common\common.vcxitems", "{9CC6DEC2-75CD-449D-9FC2-C335C770A918}"
EndProject
Project("{8BC9CEB8-8B4A-11D0-8D11-00A0C91BC942}") = "core_static", "core\core_static\core_static.vcxproj", "{78058B8B-761D-438E-94D5-ADC1ED5C3DB7}"
EndProject
Project("{8BC9CEB8-8B4A-11D0-8D11-00A0C91BC942}") = "render_static", "render_static\render_static.vcxproj", "{4B7AFBE1-11BC-4677-AE36-B90BCD846BFA}"
	ProjectSection(ProjectDependencies) = postProject
		{78058B8B-761D-438E-94D5-ADC1ED5C3DB7} = {78058B8B-761D-438E-94D5-ADC1ED5C3DB7}
	EndProjectSection
EndProject
Project("{8BC9CEB8-8B4A-11D0-8D11-00A0C91BC942}") = "sound_static", "sound_static\sound_static.vcxproj", "{0B020B50-B4C7-42EA-A441-F37F3E1DDF52}"
	ProjectSection(ProjectDependencies) = postProject
		{78058B8B-761D-438E-94D5-ADC1ED5C3DB7} = {78058B8B-761D-438E-94D5-ADC1ED5C3DB7}
	EndProjectSection
EndProject
Project("{8BC9CEB8-8B4A-11D0-8D11-00A0C91BC942}") = "hid_static", "hid_static\hid_static.vcxproj", "{6C0D2EC9-0E84-45AC-B570-685D8E5C0975}"
	ProjectSection(ProjectDependencies) = postProject
		{78058B8B-761D-438E-94D5-ADC1ED5C3DB7} = {78058B8B-761D-438E-94D5-ADC1ED5C3DB7}
	EndProjectSection
EndProject
Global
	GlobalSection(SolutionConfigurationPlatforms) = preSolution
		Debug|x64 = Debug|x64
		Debug|x86 = Debug|x86
		Release|x64 = Release|x64
		Release|x86 = Release|x86
	EndGlobalSection
	GlobalSection(ProjectConfigurationPlatforms) = postSolution
		{89AC38C5-CBA6-4771-AB60-417D300CFCED}.Debug|x64.ActiveCfg = Debug|x64
		{89AC38C5-CBA6-4771-AB60-417D300CFCED}.Debug|x64.Build.0 = Debug|x64
		{89AC38C5-CBA6-4771-AB60-417D300CFCED}.Debug|x86.ActiveCfg = Debug|Win32
		{89AC38C5-CBA6-4771-AB60-417D300CFCED}.Debug|x86.Build.0 = Debug|Win32
		{89AC38C5-CBA6-4771-AB60-417D300CFCED}.Release|x64.ActiveCfg = Release|x64
		{89AC38C5-CBA6-4771-AB60-417D300CFCED}.Release|x64.Build.0 = Release|x64
		{89AC38C5-CBA6-4771-AB60-417D300CFCED}.Release|x86.ActiveCfg = Release|Win32
		{89AC38C5-CBA6-4771-AB60-417D300CFCED}.Release|x86.Build.0 = Release|Win32
		{78058B8B-761D-438E-94D5-ADC1ED5C3DB7}.Debug|x64.ActiveCfg = Debug|x64
		{78058B8B-761D-438E-94D5-ADC1ED5C3DB7}.Debug|x64.Build.0 = Debug|x64
		{78058B8B-761D-438E-94D5-ADC1ED5C3DB7}.Debug|x86.ActiveCfg = Debug|Win32
		{78058B8B-761D-438E-94D5-ADC1ED5C3DB7}.Debug|x86.Build.0 = Debug|Win32
		{78058B8B-761D-438E-94D5-ADC1ED5C3DB7}.Release|x64.ActiveCfg = Release|x64
		{78058B8B-761D-438E-94D5-ADC1ED5C3DB7}.Release|x64.Build.0 = Release|x64
		{78058B8B-761D-438E-94D5-ADC1ED5C3DB7}.Release|x86.ActiveCfg = Release|Win32
		{78058B8B-761D-438E-94D5-ADC1ED5C3DB7}.Release|x86.Build.0 = Release|Win32
		{4B7AFBE1-11BC-4677-AE36-B90BCD846BFA}.Debug|x64.ActiveCfg = Debug|x64
		{4B7AFBE1-11BC-4677-AE36-B90BCD846BFA}.Debug|x64.Build.0 = Debug|x64
		{4B7AFBE1-11BC-4677-AE36-B90BCD846BFA}.Debug|x86.ActiveCfg = Debug|Win32
		{4B7AFBE1-11BC-4677-AE36-B90BCD846BFA}.Debug|x86.Build.0 = Debug|Win32
		{4B7AFBE1-11BC-4677-AE36-B90BCD846BFA}.Release|x64.ActiveCfg = Release|x64
		{4B7AFBE1-11BC-4677-AE36-B90BCD846BFA}.Release|x64.Build.0 = Release|x64
		{4B7AFBE1-11BC-4677-AE36-B90BCD846BFA}.Release|x86.ActiveCfg = Release|Win32
		{4B7AFBE1-11BC-4677-AE36-B90BCD846BFA}.Release|x86.Build.0 = Release|Win32
		{0B020B50-B4C7-42EA-A441-F37F3E1DDF52}.Debug|x64.ActiveCfg = Debug|x64
		{0B020B50-B4C7-42EA-A441-F37F3E1DDF52}.Debug|x64.Build.0 = Debug|x64
		{0B020B50-B4C7-42EA-A441-F37F3E1DDF52}.Debug|x86.ActiveCfg = Debug|Win32
		{0B020B50-B4C7-42EA-A441-F37F3E1DDF52}.Debug|x86.Build.0 = Debug|Win32
		{0B020B50-B4C7-42EA-A441-F37F3E1DDF52}.Release|x64.ActiveCfg = Release|x64
		{0B020B50-B4C7-42EA-A441-F37F3E1DDF52}.Release|x64.Build.0 = Release|x64
		{0B020B50-B4C7-42EA-A441-F37F3E1DDF52}.Release|x86.ActiveCfg = Release|Win32
		{0B020B50-B4C7-42EA-A441-F37F3E1DDF52}.Release|x86.Build.0 = Release|Win32
		{6C0D2EC9-0E84-45AC-B570-685D8E5C0975}.Debug|x64.ActiveCfg = Debug|x64
		{6C0D2EC9-0E84-45AC-B570-685D8E5C0975}.Debug|x64.Build.0 = Debug|x64
		{6C0D2EC9-0E84-45AC-B570-685D8E5C0975}.Debug|x86.ActiveCfg = Debug|Win32
		{6C0D2EC9-0E84-45AC-B570-685D8E5C0975}.Debug|x86.Build.0 = Debug|Win32
		{6C0D2EC9-0E84-45AC-B570-685D8E5C0975}.Release|x64.ActiveCfg = Release|x64
		{6C0D2EC9-0E84-45AC-B570-685D8E5C0975}.Release|x64.Build.0 = Release|x64
		{6C0D2EC9-0E84-45AC-B570-685D8E5C0975}.Release|x86.ActiveCfg = Release|Win32
		{6C0D2EC9-0E84-45AC-B570-685D8E5C0975}.Release|x86.Build.0 = Release|Win32
	EndGlobalSection
	GlobalSection(SolutionProperties) = preSolution
		HideSolutionNode = FALSE
	EndGlobalSection
	GlobalSection(ExtensibilityGlobals) = postSolution
		SolutionGuid = {E98EB206-D9BF-4850-B5B3-5570B980821D}
	EndGlobalSection
EndGlobal
