<?xml version="1.0" encoding="utf-8"?>
<Project ToolsVersion="4.0" xmlns="http://schemas.microsoft.com/developer/msbuild/2003">
  <ItemGroup>
    <Filter Include="source">
      <UniqueIdentifier>{6794f87f-e37d-4443-b785-6455f84bbba7}</UniqueIdentifier>
    </Filter>
    <Filter Include="source\logging">
      <UniqueIdentifier>{ff7020f4-b938-435c-ac88-fce1bb93cc97}</UniqueIdentifier>
    </Filter>
    <Filter Include="source\logging\platform">
      <UniqueIdentifier>{76f29b29-4570-42c4-8a28-d684137c0805}</UniqueIdentifier>
    </Filter>
    <Filter Include="source\logging\platform\windows">
      <UniqueIdentifier>{015d60cb-61e6-4638-adb9-d8508b0376ab}</UniqueIdentifier>
    </Filter>
    <Filter Include="source\memory">
      <UniqueIdentifier>{4d8c20aa-1309-4feb-85b9-e821c19cd50c}</UniqueIdentifier>
    </Filter>
  </ItemGroup>
  <ItemGroup>
    <ClInclude Include="..\..\..\..\source\engine\core\core.h">
      <Filter>source</Filter>
    </ClInclude>
    <ClInclude Include="..\..\..\..\source\engine\core\logging\logging.h">
      <Filter>source\logging</Filter>
    </ClInclude>
    <ClInclude Include="..\..\..\..\source\engine\core\memory\memory.h">
      <Filter>source\memory</Filter>
    </ClInclude>
    <ClInclude Include="..\..\..\..\source\engine\core\memory\alloc_header.h">
      <Filter>source\memory</Filter>
    </ClInclude>
    <ClInclude Include="..\..\..\..\source\engine\core\memory\config.h">
      <Filter>source\memory</Filter>
    </ClInclude>
  </ItemGroup>
  <ItemGroup>
    <ClCompile Include="..\..\..\..\source\engine\core\core.cpp">
      <Filter>source</Filter>
    </ClCompile>
    <ClCompile Include="..\..\..\..\source\engine\core\logging\platform\windows\logging.cpp">
      <Filter>source\logging\platform\windows</Filter>
    </ClCompile>
    <ClCompile Include="..\..\..\..\source\engine\core\memory\alloc_header.cpp">
      <Filter>source\memory</Filter>
    </ClCompile>
    <ClCompile Include="..\..\..\..\source\engine\core\memory\memory.cpp">
      <Filter>source\memory</Filter>
    </ClCompile>
  </ItemGroup>
</Project>