<?xml version="1.0" encoding="utf-8"?>
<Project ToolsVersion="4.0" xmlns="http://schemas.microsoft.com/developer/msbuild/2003">
  <ItemGroup>
    <Filter Include="source">
      <UniqueIdentifier>{963e83ca-8244-4959-803d-8466fc9858e9}</UniqueIdentifier>
    </Filter>
    <Filter Include="source\platform">
      <UniqueIdentifier>{a3142fba-60c1-4b9c-85a2-eee9fb774556}</UniqueIdentifier>
    </Filter>
    <Filter Include="source\platform\windows">
      <UniqueIdentifier>{0160fc65-ff8f-4caa-bc90-fee54ef910cc}</UniqueIdentifier>
    </Filter>
  </ItemGroup>
  <ItemGroup>
    <ClCompile Include="..\..\..\..\source\engine\runtime\runtime.cpp">
      <Filter>source</Filter>
    </ClCompile>
    <ClCompile Include="..\..\..\..\source\engine\runtime\platform\windows\windows_main.cpp">
      <Filter>source\platform\windows</Filter>
    </ClCompile>
  </ItemGroup>
</Project>