<?xml version="1.0" encoding="utf-8"?>
<Project ToolsVersion="4.0" xmlns="http://schemas.microsoft.com/developer/msbuild/2003">
  <ItemGroup>
    <Filter Include="include">
      <UniqueIdentifier>{8a652f4a-9462-4f7e-8d35-6e165b634e0e}</UniqueIdentifier>
    </Filter>
    <Filter Include="source">
      <UniqueIdentifier>{73b46302-bdc0-483d-9d49-f38a4aa0c6a3}</UniqueIdentifier>
    </Filter>
    <Filter Include="include\modules">
      <UniqueIdentifier>{204b83e6-5e70-4b49-b508-e603428b2551}</UniqueIdentifier>
    </Filter>
    <Filter Include="include\modules\hid">
      <UniqueIdentifier>{881af86b-68b1-4b9d-96db-77c2175d14b3}</UniqueIdentifier>
    </Filter>
    <Filter Include="include\modules\hid\keyboard">
      <UniqueIdentifier>{36154a0b-2f81-4f9e-bf2f-c0f3ba1950b3}</UniqueIdentifier>
    </Filter>
    <Filter Include="include\modules\hid\mouse">
      <UniqueIdentifier>{f03411f8-852c-4e85-b2bf-ba750ba1853b}</UniqueIdentifier>
    </Filter>
    <Filter Include="include\modules\hid\game_pad">
      <UniqueIdentifier>{96d03883-b8a3-4c90-b0e7-4a34bd0b3214}</UniqueIdentifier>
    </Filter>
    <Filter Include="source\modules">
      <UniqueIdentifier>{0d14e35b-d9dd-4bc3-b79c-8bf8f0cbb80e}</UniqueIdentifier>
    </Filter>
    <Filter Include="source\modules\hid">
      <UniqueIdentifier>{82757a81-94fb-4e79-8b8d-89baced9f217}</UniqueIdentifier>
    </Filter>
    <Filter Include="source\modules\hid\direct_input">
      <UniqueIdentifier>{a55ad3a1-dbe4-4f42-af1a-8b667a0525e6}</UniqueIdentifier>
    </Filter>
  </ItemGroup>
  <ItemGroup>
    <ClInclude Include="..\..\..\..\include\modules\hid\entity.h">
      <Filter>include\modules\hid</Filter>
    </ClInclude>
    <ClInclude Include="..\..\..\..\include\modules\hid\hid.h">
      <Filter>include\modules\hid</Filter>
    </ClInclude>
    <ClInclude Include="..\..\..\..\include\modules\hid\input_state.h">
      <Filter>include\modules\hid</Filter>
    </ClInclude>
    <ClInclude Include="..\..\..\..\include\modules\hid\peripheral_device.h">
      <Filter>include\modules\hid</Filter>
    </ClInclude>
    <ClInclude Include="..\..\..\..\include\modules\hid\peripheral_device_manager.h">
      <Filter>include\modules\hid</Filter>
    </ClInclude>
    <ClInclude Include="..\..\..\..\include\modules\hid\mouse\mouse.h">
      <Filter>include\modules\hid\mouse</Filter>
    </ClInclude>
    <ClInclude Include="..\..\..\..\include\modules\hid\mouse\mouse_axis.h">
      <Filter>include\modules\hid\mouse</Filter>
    </ClInclude>
    <ClInclude Include="..\..\..\..\include\modules\hid\mouse\mouse_button.h">
      <Filter>include\modules\hid\mouse</Filter>
    </ClInclude>
    <ClInclude Include="..\..\..\..\include\modules\hid\keyboard\key_code.h">
      <Filter>include\modules\hid\keyboard</Filter>
    </ClInclude>
    <ClInclude Include="..\..\..\..\include\modules\hid\keyboard\keyboard.h">
      <Filter>include\modules\hid\keyboard</Filter>
    </ClInclude>
    <ClInclude Include="..\..\..\..\include\modules\hid\game_pad\analog_input.h">
      <Filter>include\modules\hid\game_pad</Filter>
    </ClInclude>
    <ClInclude Include="..\..\..\..\include\modules\hid\game_pad\game_pad.h">
      <Filter>include\modules\hid\game_pad</Filter>
    </ClInclude>
    <ClInclude Include="..\..\..\..\include\modules\hid\game_pad\game_pad_button.h">
      <Filter>include\modules\hid\game_pad</Filter>
    </ClInclude>
    <ClInclude Include="..\..\..\..\include\modules\hid\game_pad\pov.h">
      <Filter>include\modules\hid\game_pad</Filter>
    </ClInclude>
    <ClInclude Include="..\..\..\..\source\modules\hid\direct_input\dinput_game_pad.h">
      <Filter>source\modules\hid\direct_input</Filter>
    </ClInclude>
    <ClInclude Include="..\..\..\..\source\modules\hid\direct_input\dinput_keyboard.h">
      <Filter>source\modules\hid\direct_input</Filter>
    </ClInclude>
    <ClInclude Include="..\..\..\..\source\modules\hid\direct_input\dinput_mouse.h">
      <Filter>source\modules\hid\direct_input</Filter>
    </ClInclude>
    <ClInclude Include="..\..\..\..\source\modules\hid\direct_input\dinput_peripheral_device_manager.h">
      <Filter>source\modules\hid\direct_input</Filter>
    </ClInclude>
    <ClInclude Include="..\..\..\..\source\modules\hid\direct_input\dinput_utility.h">
      <Filter>source\modules\hid\direct_input</Filter>
    </ClInclude>
    <ClInclude Include="..\..\..\..\source\modules\hid\direct_input\direct_input.h">
      <Filter>source\modules\hid\direct_input</Filter>
    </ClInclude>
  </ItemGroup>
  <ItemGroup>
    <ClCompile Include="..\..\..\..\source\modules\hid\entity.cpp">
      <Filter>source\modules\hid</Filter>
    </ClCompile>
    <ClCompile Include="..\..\..\..\source\modules\hid\hid.cpp">
      <Filter>source\modules\hid</Filter>
    </ClCompile>
    <ClCompile Include="..\..\..\..\source\modules\hid\peripheral_device_manager.cpp">
      <Filter>source\modules\hid</Filter>
    </ClCompile>
    <ClCompile Include="..\..\..\..\source\modules\hid\direct_input\dinput_game_pad.cpp">
      <Filter>source\modules\hid\direct_input</Filter>
    </ClCompile>
    <ClCompile Include="..\..\..\..\source\modules\hid\direct_input\dinput_keyboard.cpp">
      <Filter>source\modules\hid\direct_input</Filter>
    </ClCompile>
    <ClCompile Include="..\..\..\..\source\modules\hid\direct_input\dinput_mouse.cpp">
      <Filter>source\modules\hid\direct_input</Filter>
    </ClCompile>
    <ClCompile Include="..\..\..\..\source\modules\hid\direct_input\dinput_peripheral_device_manager.cpp">
      <Filter>source\modules\hid\direct_input</Filter>
    </ClCompile>
    <ClCompile Include="..\..\..\..\source\modules\hid\direct_input\dinput_utility.cpp">
      <Filter>source\modules\hid\direct_input</Filter>
    </ClCompile>
    <ClCompile Include="..\..\..\..\source\modules\hid\direct_input\direct_input.cpp">
      <Filter>source\modules\hid\direct_input</Filter>
    </ClCompile>
  </ItemGroup>
</Project>